# THIS IS AN AUTOGENERATED FILE. DO NOT EDIT THIS FILE DIRECTLY.
# yarn lockfile v1


"@digibearapp/digibear-common-types@^1.0.6":
  version "1.0.6"
  resolved "https://registry.yarnpkg.com/@digibearapp/digibear-common-types/-/digibear-common-types-1.0.6.tgz#38f09f23637f523d157414b9f2f1a038d27dd90c"
  integrity sha512-rWOXc5DrKzMmt9DnbHyf6H5RLyHtwL13plRYSob+59Pj5bJ5pQqhNcyCKH99XHhv6AnxQju6vvIVYMSHHx5F9w==

"@digibearapp/digibear-svg-core@^1.0.5":
  version "1.0.5"
  resolved "https://registry.yarnpkg.com/@digibearapp/digibear-svg-core/-/digibear-svg-core-1.0.5.tgz#f11306a0a012bcc4aefb6e0492b9a37d9b21d46b"
  integrity sha512-8ci43H2IqHYJWTpvO/1bhHdbperLQTfho9D0fKJL1jX60OL4AJMmziWeJu5W5vShnL/duQ3zPWC9RBI7qdZdYA==

"@digibearapp/digibear-svg-icons@^1.0.5":
  version "1.0.5"
  resolved "https://registry.yarnpkg.com/@digibearapp/digibear-svg-icons/-/digibear-svg-icons-1.0.5.tgz#30a013a425f18cba91baaec3e866acaec765393a"
  integrity sha512-yrzAyZgI/HMroRSE42BCoWbh5PiJp8ZJQ3NNF6nycVqvVRyo+h2MLEnYNc8TJRF6aG1RNxaUpFsjgTerfTn6OQ==

tslib@^2.3.1:
  version "2.3.1"
  resolved "https://registry.yarnpkg.com/tslib/-/tslib-2.3.1.tgz#e8a335add5ceae51aa261d32a490158ef042ef01"
  integrity sha512-77EbyPPpMz+FRFRuAFlWMtmgUWGe9UOG2Z25NqCwiIjRhOf5iKGuzSe5P2w1laq+FkRy4p+PCuVkJSGkzTEKVw==
