# THIS IS AN AUTOGENERATED FILE. DO NOT EDIT THIS FILE DIRECTLY.
# yarn lockfile v1


"@digibearapp/digibear-common-types@^1.0.7":
  version "1.0.7"
  resolved "https://registry.yarnpkg.com/@digibearapp/digibear-common-types/-/digibear-common-types-1.0.7.tgz#6f1d8e023cef426342024b761dde461e79d17ab6"
  integrity sha512-2dcq9D1jwupmUH+Nc+jjt0I5OU0K6LwlyKeNvU8zp/4llsKgRN9uSZvuYQISnJcfQWEAwC4Ij8gsbLIiIrK5Tg==

"@digibearapp/digibear-svg-core@^1.0.6":
  version "1.0.6"
  resolved "https://registry.yarnpkg.com/@digibearapp/digibear-svg-core/-/digibear-svg-core-1.0.6.tgz#a9239a79a0c398fb72a22461b027d9af729f86ef"
  integrity sha512-zJj4oW2J9jQQ57b1/bG4MLrTXes/2vpum524Ma98yihpqaabiH4A5uy45JNpWtdfKJz/Yyn21wAT35e+xPKZ0A==

"@digibearapp/digibear-svg-icons@^1.0.6":
  version "1.0.6"
  resolved "https://registry.yarnpkg.com/@digibearapp/digibear-svg-icons/-/digibear-svg-icons-1.0.6.tgz#37755f92c971cac994ea0ce061502d2261a019ab"
  integrity sha512-6e2QoshdyYok5pjzTj1S8Ji6Ox/KUfS64GZgZ1FK3h9fFJF6Y7oZIM3rWSr99lIzru+Wjn+as21WXEAbD8HP9w==

tslib@^2.3.1:
  version "2.3.1"
  resolved "https://registry.yarnpkg.com/tslib/-/tslib-2.3.1.tgz#e8a335add5ceae51aa261d32a490158ef042ef01"
  integrity sha512-77EbyPPpMz+FRFRuAFlWMtmgUWGe9UOG2Z25NqCwiIjRhOf5iKGuzSe5P2w1laq+FkRy4p+PCuVkJSGkzTEKVw==
