# THIS IS AN AUTOGENERATED FILE. DO NOT EDIT THIS FILE DIRECTLY.
# yarn lockfile v1


"@digibearapp/digibear-common-types@^1.0.1":
  version "1.0.1"
  resolved "https://registry.yarnpkg.com/@digibearapp/digibear-common-types/-/digibear-common-types-1.0.1.tgz#934058fdcd62a2c987081151dde39fc6f63edc08"
  integrity sha512-iQEkU+/bKKwVCQGtvSMVOMt9vTa3/2cIRePlcBgo/Cd+1BW+dcNwS05GXdyrgUYDdOl5YOk3q/aTB+YB9bAukA==

"@digibearapp/digibear-svg-core@^1.0.1":
  version "1.0.1"
  resolved "https://registry.yarnpkg.com/@digibearapp/digibear-svg-core/-/digibear-svg-core-1.0.1.tgz#b0ebc46edf7b80fac27b71bc0d4622de0c385798"
  integrity sha512-NuYsMxEb2MenzNOauZhoepkjSydLPInfpeeZQZR7zeZn8HqTReqZxRhIlRVD5hW5xuoPeO3w2PUC4xvA5AcMIA==

"@digibearapp/digibear-svg-icons@^1.0.1":
  version "1.0.1"
  resolved "https://registry.yarnpkg.com/@digibearapp/digibear-svg-icons/-/digibear-svg-icons-1.0.1.tgz#ced32bcc9ea0f306bcb66d67022383b548b5a853"
  integrity sha512-rR0vUz1bv2a2/Y89bgryxLAI70dfFRLAuL2aGJI8Ni1WsWpV5kvX84jJsfu5bOhd+vPgL5S307O/q42SzZ+yew==

tslib@^2.3.0:
  version "2.3.1"
  resolved "https://registry.yarnpkg.com/tslib/-/tslib-2.3.1.tgz#e8a335add5ceae51aa261d32a490158ef042ef01"
  integrity sha512-77EbyPPpMz+FRFRuAFlWMtmgUWGe9UOG2Z25NqCwiIjRhOf5iKGuzSe5P2w1laq+FkRy4p+PCuVkJSGkzTEKVw==
